// !$*UTF8*$!
{
	archiveVersion = 1;
	classes = {
	};
	objectVersion = 56;
	objects = {

/* Begin PBXBuildFile section */
		0A11F6FA2CFC0160003E93B8 /* RemoteDiscogsLoader+Search Tests.swift in Sources */ = {isa = PBXBuildFile; fileRef = 0A11F6F92CFC0160003E93B8 /* RemoteDiscogsLoader+Search Tests.swift */; };
		0A11F6FC2CFC0196003E93B8 /* RemoteDiscogsLoader+GetArtistDetails Tests.swift in Sources */ = {isa = PBXBuildFile; fileRef = 0A11F6FB2CFC0196003E93B8 /* RemoteDiscogsLoader+GetArtistDetails Tests.swift */; };
		0A11F7002CFCA8E0003E93B8 /* SearchScreenView.swift in Sources */ = {isa = PBXBuildFile; fileRef = 0A11F6FF2CFCA8E0003E93B8 /* SearchScreenView.swift */; };
		0A11F7042CFCA94D003E93B8 /* SearchResultsScreenView.swift in Sources */ = {isa = PBXBuildFile; fileRef = 0A11F7032CFCA94D003E93B8 /* SearchResultsScreenView.swift */; };
		0A11F7072CFCAA7A003E93B8 /* UserInterfaceIdiom.swift in Sources */ = {isa = PBXBuildFile; fileRef = 0A11F7062CFCAA7A003E93B8 /* UserInterfaceIdiom.swift */; };
		0A11F70A2CFCB5C3003E93B8 /* SearchScreenViewModel.swift in Sources */ = {isa = PBXBuildFile; fileRef = 0A11F7092CFCB5C3003E93B8 /* SearchScreenViewModel.swift */; };
		0A11F70C2CFCCB85003E93B8 /* RemoteDiscogsLoaderEnvironmentValue.swift in Sources */ = {isa = PBXBuildFile; fileRef = 0A11F70B2CFCCB85003E93B8 /* RemoteDiscogsLoaderEnvironmentValue.swift */; };
		0A11F70E2CFCCBAA003E93B8 /* NullDiscogsLoader.swift in Sources */ = {isa = PBXBuildFile; fileRef = 0A11F70D2CFCCBAA003E93B8 /* NullDiscogsLoader.swift */; };
		0AA094F22CFAB8E600BAC31C /* ClaraMobileChallengeApp.swift in Sources */ = {isa = PBXBuildFile; fileRef = 0AA094F12CFAB8E600BAC31C /* ClaraMobileChallengeApp.swift */; };
		0AA094F42CFAB8E600BAC31C /* ContentView.swift in Sources */ = {isa = PBXBuildFile; fileRef = 0AA094F32CFAB8E600BAC31C /* ContentView.swift */; };
		0AA094F62CFAB8E700BAC31C /* Assets.xcassets in Resources */ = {isa = PBXBuildFile; fileRef = 0AA094F52CFAB8E700BAC31C /* Assets.xcassets */; };
		0AA094F92CFAB8E700BAC31C /* Preview Assets.xcassets in Resources */ = {isa = PBXBuildFile; fileRef = 0AA094F82CFAB8E700BAC31C /* Preview Assets.xcassets */; };
		0AE04A7D2CFABC3900FF112E /* DiscogsLoader.swift in Sources */ = {isa = PBXBuildFile; fileRef = 0AE04A7C2CFABC3900FF112E /* DiscogsLoader.swift */; };
		0AE04A802CFACDFB00FF112E /* ArtistSearchResult.swift in Sources */ = {isa = PBXBuildFile; fileRef = 0AE04A7F2CFACDFB00FF112E /* ArtistSearchResult.swift */; };
		0AE04A832CFACE2A00FF112E /* SearchQueryType.swift in Sources */ = {isa = PBXBuildFile; fileRef = 0AE04A822CFACE2A00FF112E /* SearchQueryType.swift */; };
		0AE04A852CFACE3B00FF112E /* ArtistSearchType.swift in Sources */ = {isa = PBXBuildFile; fileRef = 0AE04A842CFACE3B00FF112E /* ArtistSearchType.swift */; };
		0AE04A882CFACE8500FF112E /* RemoteDiscogsLoader.swift in Sources */ = {isa = PBXBuildFile; fileRef = 0AE04A872CFACE8500FF112E /* RemoteDiscogsLoader.swift */; };
		0AE04A8B2CFACEA800FF112E /* Pagination.swift in Sources */ = {isa = PBXBuildFile; fileRef = 0AE04A8A2CFACEA800FF112E /* Pagination.swift */; };
		0AE04A8F2CFB732D00FF112E /* HTTPClient.swift in Sources */ = {isa = PBXBuildFile; fileRef = 0AE04A8E2CFB732D00FF112E /* HTTPClient.swift */; };
		0AE04A912CFB9E0F00FF112E /* URLSessionHTTPClient.swift in Sources */ = {isa = PBXBuildFile; fileRef = 0AE04A902CFB9E0F00FF112E /* URLSessionHTTPClient.swift */; };
		0AE04A932CFB9F0300FF112E /* RemoteError.swift in Sources */ = {isa = PBXBuildFile; fileRef = 0AE04A922CFB9F0300FF112E /* RemoteError.swift */; };
		0AE04A952CFB9F1200FF112E /* RemoteDiscogsLoaderError.swift in Sources */ = {isa = PBXBuildFile; fileRef = 0AE04A942CFB9F1200FF112E /* RemoteDiscogsLoaderError.swift */; };
		0AE04A972CFBB03B00FF112E /* RemoteDiscogsLoaderTests.swift in Sources */ = {isa = PBXBuildFile; fileRef = 0AE04A962CFBB03B00FF112E /* RemoteDiscogsLoaderTests.swift */; };
		0AE04A992CFBEC6800FF112E /* HTTPClientSpy.swift in Sources */ = {isa = PBXBuildFile; fileRef = 0AE04A982CFBEC6800FF112E /* HTTPClientSpy.swift */; };
		0AE04A9B2CFBEEF400FF112E /* ArtistDetail.swift in Sources */ = {isa = PBXBuildFile; fileRef = 0AE04A9A2CFBEEF400FF112E /* ArtistDetail.swift */; };
		0AE04A9D2CFBEF0500FF112E /* BandMember.swift in Sources */ = {isa = PBXBuildFile; fileRef = 0AE04A9C2CFBEF0500FF112E /* BandMember.swift */; };
/* End PBXBuildFile section */

/* Begin PBXContainerItemProxy section */
		0AA094FF2CFAB8E700BAC31C /* PBXContainerItemProxy */ = {
			isa = PBXContainerItemProxy;
			containerPortal = 0AA094E62CFAB8E600BAC31C /* Project object */;
			proxyType = 1;
			remoteGlobalIDString = 0AA094ED2CFAB8E600BAC31C;
			remoteInfo = "Clara Mobile Challenge";
		};
/* End PBXContainerItemProxy section */

/* Begin PBXFileReference section */
		0A11F6F92CFC0160003E93B8 /* RemoteDiscogsLoader+Search Tests.swift */ = {isa = PBXFileReference; lastKnownFileType = sourcecode.swift; path = "RemoteDiscogsLoader+Search Tests.swift"; sourceTree = "<group>"; };
		0A11F6FB2CFC0196003E93B8 /* RemoteDiscogsLoader+GetArtistDetails Tests.swift */ = {isa = PBXFileReference; lastKnownFileType = sourcecode.swift; path = "RemoteDiscogsLoader+GetArtistDetails Tests.swift"; sourceTree = "<group>"; };
		0A11F6FF2CFCA8E0003E93B8 /* SearchScreenView.swift */ = {isa = PBXFileReference; lastKnownFileType = sourcecode.swift; path = SearchScreenView.swift; sourceTree = "<group>"; };
		0A11F7032CFCA94D003E93B8 /* SearchResultsScreenView.swift */ = {isa = PBXFileReference; lastKnownFileType = sourcecode.swift; path = SearchResultsScreenView.swift; sourceTree = "<group>"; };
		0A11F7062CFCAA7A003E93B8 /* UserInterfaceIdiom.swift */ = {isa = PBXFileReference; lastKnownFileType = sourcecode.swift; path = UserInterfaceIdiom.swift; sourceTree = "<group>"; };
		0A11F7092CFCB5C3003E93B8 /* SearchScreenViewModel.swift */ = {isa = PBXFileReference; lastKnownFileType = sourcecode.swift; path = SearchScreenViewModel.swift; sourceTree = "<group>"; };
		0A11F70B2CFCCB85003E93B8 /* RemoteDiscogsLoaderEnvironmentValue.swift */ = {isa = PBXFileReference; lastKnownFileType = sourcecode.swift; path = RemoteDiscogsLoaderEnvironmentValue.swift; sourceTree = "<group>"; };
		0A11F70D2CFCCBAA003E93B8 /* NullDiscogsLoader.swift */ = {isa = PBXFileReference; lastKnownFileType = sourcecode.swift; path = NullDiscogsLoader.swift; sourceTree = "<group>"; };
		0AA094EE2CFAB8E600BAC31C /* Clara Mobile Challenge.app */ = {isa = PBXFileReference; explicitFileType = wrapper.application; includeInIndex = 0; path = "Clara Mobile Challenge.app"; sourceTree = BUILT_PRODUCTS_DIR; };
		0AA094F12CFAB8E600BAC31C /* ClaraMobileChallengeApp.swift */ = {isa = PBXFileReference; lastKnownFileType = sourcecode.swift; path = ClaraMobileChallengeApp.swift; sourceTree = "<group>"; };
		0AA094F32CFAB8E600BAC31C /* ContentView.swift */ = {isa = PBXFileReference; lastKnownFileType = sourcecode.swift; path = ContentView.swift; sourceTree = "<group>"; };
		0AA094F52CFAB8E700BAC31C /* Assets.xcassets */ = {isa = PBXFileReference; lastKnownFileType = folder.assetcatalog; path = Assets.xcassets; sourceTree = "<group>"; };
		0AA094F82CFAB8E700BAC31C /* Preview Assets.xcassets */ = {isa = PBXFileReference; lastKnownFileType = folder.assetcatalog; path = "Preview Assets.xcassets"; sourceTree = "<group>"; };
		0AA094FE2CFAB8E700BAC31C /* Clara Mobile ChallengeTests.xctest */ = {isa = PBXFileReference; explicitFileType = wrapper.cfbundle; includeInIndex = 0; path = "Clara Mobile ChallengeTests.xctest"; sourceTree = BUILT_PRODUCTS_DIR; };
		0AE04A7C2CFABC3900FF112E /* DiscogsLoader.swift */ = {isa = PBXFileReference; lastKnownFileType = sourcecode.swift; path = DiscogsLoader.swift; sourceTree = "<group>"; };
		0AE04A7F2CFACDFB00FF112E /* ArtistSearchResult.swift */ = {isa = PBXFileReference; lastKnownFileType = sourcecode.swift; path = ArtistSearchResult.swift; sourceTree = "<group>"; };
		0AE04A822CFACE2A00FF112E /* SearchQueryType.swift */ = {isa = PBXFileReference; lastKnownFileType = sourcecode.swift; path = SearchQueryType.swift; sourceTree = "<group>"; };
		0AE04A842CFACE3B00FF112E /* ArtistSearchType.swift */ = {isa = PBXFileReference; lastKnownFileType = sourcecode.swift; path = ArtistSearchType.swift; sourceTree = "<group>"; };
		0AE04A872CFACE8500FF112E /* RemoteDiscogsLoader.swift */ = {isa = PBXFileReference; lastKnownFileType = sourcecode.swift; path = RemoteDiscogsLoader.swift; sourceTree = "<group>"; };
		0AE04A8A2CFACEA800FF112E /* Pagination.swift */ = {isa = PBXFileReference; lastKnownFileType = sourcecode.swift; path = Pagination.swift; sourceTree = "<group>"; };
		0AE04A8E2CFB732D00FF112E /* HTTPClient.swift */ = {isa = PBXFileReference; lastKnownFileType = sourcecode.swift; path = HTTPClient.swift; sourceTree = "<group>"; };
		0AE04A902CFB9E0F00FF112E /* URLSessionHTTPClient.swift */ = {isa = PBXFileReference; lastKnownFileType = sourcecode.swift; path = URLSessionHTTPClient.swift; sourceTree = "<group>"; };
		0AE04A922CFB9F0300FF112E /* RemoteError.swift */ = {isa = PBXFileReference; lastKnownFileType = sourcecode.swift; path = RemoteError.swift; sourceTree = "<group>"; };
		0AE04A942CFB9F1200FF112E /* RemoteDiscogsLoaderError.swift */ = {isa = PBXFileReference; lastKnownFileType = sourcecode.swift; path = RemoteDiscogsLoaderError.swift; sourceTree = "<group>"; };
		0AE04A962CFBB03B00FF112E /* RemoteDiscogsLoaderTests.swift */ = {isa = PBXFileReference; lastKnownFileType = sourcecode.swift; path = RemoteDiscogsLoaderTests.swift; sourceTree = "<group>"; };
		0AE04A982CFBEC6800FF112E /* HTTPClientSpy.swift */ = {isa = PBXFileReference; lastKnownFileType = sourcecode.swift; path = HTTPClientSpy.swift; sourceTree = "<group>"; };
		0AE04A9A2CFBEEF400FF112E /* ArtistDetail.swift */ = {isa = PBXFileReference; lastKnownFileType = sourcecode.swift; path = ArtistDetail.swift; sourceTree = "<group>"; };
		0AE04A9C2CFBEF0500FF112E /* BandMember.swift */ = {isa = PBXFileReference; lastKnownFileType = sourcecode.swift; path = BandMember.swift; sourceTree = "<group>"; };
/* End PBXFileReference section */

/* Begin PBXFrameworksBuildPhase section */
		0AA094EB2CFAB8E600BAC31C /* Frameworks */ = {
			isa = PBXFrameworksBuildPhase;
			buildActionMask = 2147483647;
			files = (
			);
			runOnlyForDeploymentPostprocessing = 0;
		};
		0AA094FB2CFAB8E700BAC31C /* Frameworks */ = {
			isa = PBXFrameworksBuildPhase;
			buildActionMask = 2147483647;
			files = (
			);
			runOnlyForDeploymentPostprocessing = 0;
		};
/* End PBXFrameworksBuildPhase section */

/* Begin PBXGroup section */
		0A11F6F82CFBFC40003E93B8 /* Contracts */ = {
			isa = PBXGroup;
			children = (
				0AE04A822CFACE2A00FF112E /* SearchQueryType.swift */,
				0AE04A7C2CFABC3900FF112E /* DiscogsLoader.swift */,
				0AE04A8E2CFB732D00FF112E /* HTTPClient.swift */,
			);
			path = Contracts;
			sourceTree = "<group>";
		};
		0A11F6FD2CFCA8D0003E93B8 /* Screens */ = {
			isa = PBXGroup;
			children = (
				0AA094F32CFAB8E600BAC31C /* ContentView.swift */,
				0A11F7082CFCB5B2003E93B8 /* SearchScreen */,
				0A11F7032CFCA94D003E93B8 /* SearchResultsScreenView.swift */,
			);
			path = Screens;
			sourceTree = "<group>";
		};
		0A11F7052CFCAA6E003E93B8 /* Util */ = {
			isa = PBXGroup;
			children = (
				0A11F7062CFCAA7A003E93B8 /* UserInterfaceIdiom.swift */,
				0A11F70B2CFCCB85003E93B8 /* RemoteDiscogsLoaderEnvironmentValue.swift */,
				0A11F70D2CFCCBAA003E93B8 /* NullDiscogsLoader.swift */,
			);
			path = Util;
			sourceTree = "<group>";
		};
		0A11F7082CFCB5B2003E93B8 /* SearchScreen */ = {
			isa = PBXGroup;
			children = (
				0A11F6FF2CFCA8E0003E93B8 /* SearchScreenView.swift */,
				0A11F7092CFCB5C3003E93B8 /* SearchScreenViewModel.swift */,
			);
			path = SearchScreen;
			sourceTree = "<group>";
		};
		0AA094E52CFAB8E600BAC31C = {
			isa = PBXGroup;
			children = (
				0AA094F02CFAB8E600BAC31C /* Clara Mobile Challenge */,
				0AA095012CFAB8E700BAC31C /* Clara Mobile ChallengeTests */,
				0AA094EF2CFAB8E600BAC31C /* Products */,
			);
			sourceTree = "<group>";
		};
		0AA094EF2CFAB8E600BAC31C /* Products */ = {
			isa = PBXGroup;
			children = (
				0AA094EE2CFAB8E600BAC31C /* Clara Mobile Challenge.app */,
				0AA094FE2CFAB8E700BAC31C /* Clara Mobile ChallengeTests.xctest */,
			);
			name = Products;
			sourceTree = "<group>";
		};
		0AA094F02CFAB8E600BAC31C /* Clara Mobile Challenge */ = {
			isa = PBXGroup;
			children = (
				0A11F7052CFCAA6E003E93B8 /* Util */,
				0A11F6FD2CFCA8D0003E93B8 /* Screens */,
				0AE04A7B2CFABC0100FF112E /* Discogs API */,
				0AA094F12CFAB8E600BAC31C /* ClaraMobileChallengeApp.swift */,
				0AA094F52CFAB8E700BAC31C /* Assets.xcassets */,
				0AA094F72CFAB8E700BAC31C /* Preview Content */,
			);
			path = "Clara Mobile Challenge";
			sourceTree = "<group>";
		};
		0AA094F72CFAB8E700BAC31C /* Preview Content */ = {
			isa = PBXGroup;
			children = (
				0AA094F82CFAB8E700BAC31C /* Preview Assets.xcassets */,
			);
			path = "Preview Content";
			sourceTree = "<group>";
		};
		0AA095012CFAB8E700BAC31C /* Clara Mobile ChallengeTests */ = {
			isa = PBXGroup;
			children = (
				0AE04A962CFBB03B00FF112E /* RemoteDiscogsLoaderTests.swift */,
				0AE04A982CFBEC6800FF112E /* HTTPClientSpy.swift */,
				0A11F6F92CFC0160003E93B8 /* RemoteDiscogsLoader+Search Tests.swift */,
				0A11F6FB2CFC0196003E93B8 /* RemoteDiscogsLoader+GetArtistDetails Tests.swift */,
			);
			path = "Clara Mobile ChallengeTests";
			sourceTree = "<group>";
		};
		0AE04A7B2CFABC0100FF112E /* Discogs API */ = {
			isa = PBXGroup;
			children = (
				0A11F6F82CFBFC40003E93B8 /* Contracts */,
				0AE04A862CFACE5D00FF112E /* Implementation */,
				0AE04A7E2CFACDE900FF112E /* Models */,
			);
			path = "Discogs API";
			sourceTree = "<group>";
		};
		0AE04A7E2CFACDE900FF112E /* Models */ = {
			isa = PBXGroup;
			children = (
				0AE04A922CFB9F0300FF112E /* RemoteError.swift */,
				0AE04A7F2CFACDFB00FF112E /* ArtistSearchResult.swift */,
				0AE04A8A2CFACEA800FF112E /* Pagination.swift */,
				0AE04A9A2CFBEEF400FF112E /* ArtistDetail.swift */,
				0AE04A9C2CFBEF0500FF112E /* BandMember.swift */,
			);
			path = Models;
			sourceTree = "<group>";
		};
		0AE04A812CFACE1F00FF112E /* Search Query Types */ = {
			isa = PBXGroup;
			children = (
				0AE04A842CFACE3B00FF112E /* ArtistSearchType.swift */,
			);
			path = "Search Query Types";
			sourceTree = "<group>";
		};
		0AE04A862CFACE5D00FF112E /* Implementation */ = {
			isa = PBXGroup;
			children = (
				0AE04A812CFACE1F00FF112E /* Search Query Types */,
				0AE04A872CFACE8500FF112E /* RemoteDiscogsLoader.swift */,
				0AE04A902CFB9E0F00FF112E /* URLSessionHTTPClient.swift */,
				0AE04A942CFB9F1200FF112E /* RemoteDiscogsLoaderError.swift */,
			);
			path = Implementation;
			sourceTree = "<group>";
		};
/* End PBXGroup section */

/* Begin PBXNativeTarget section */
		0AA094ED2CFAB8E600BAC31C /* Clara Mobile Challenge */ = {
			isa = PBXNativeTarget;
			buildConfigurationList = 0AA095122CFAB8E700BAC31C /* Build configuration list for PBXNativeTarget "Clara Mobile Challenge" */;
			buildPhases = (
				0AA094EA2CFAB8E600BAC31C /* Sources */,
				0AA094EB2CFAB8E600BAC31C /* Frameworks */,
				0AA094EC2CFAB8E600BAC31C /* Resources */,
			);
			buildRules = (
			);
			dependencies = (
				0A11F6F72CFBF783003E93B8 /* PBXTargetDependency */,
			);
			name = "Clara Mobile Challenge";
			productName = "Clara Mobile Challenge";
			productReference = 0AA094EE2CFAB8E600BAC31C /* Clara Mobile Challenge.app */;
			productType = "com.apple.product-type.application";
		};
		0AA094FD2CFAB8E700BAC31C /* Clara Mobile ChallengeTests */ = {
			isa = PBXNativeTarget;
			buildConfigurationList = 0AA095152CFAB8E700BAC31C /* Build configuration list for PBXNativeTarget "Clara Mobile ChallengeTests" */;
			buildPhases = (
				0AA094FA2CFAB8E700BAC31C /* Sources */,
				0AA094FB2CFAB8E700BAC31C /* Frameworks */,
				0AA094FC2CFAB8E700BAC31C /* Resources */,
			);
			buildRules = (
			);
			dependencies = (
				0AA095002CFAB8E700BAC31C /* PBXTargetDependency */,
			);
			name = "Clara Mobile ChallengeTests";
			productName = "Clara Mobile ChallengeTests";
			productReference = 0AA094FE2CFAB8E700BAC31C /* Clara Mobile ChallengeTests.xctest */;
			productType = "com.apple.product-type.bundle.unit-test";
		};
/* End PBXNativeTarget section */

/* Begin PBXProject section */
		0AA094E62CFAB8E600BAC31C /* Project object */ = {
			isa = PBXProject;
			attributes = {
				BuildIndependentTargetsInParallel = 1;
				LastSwiftUpdateCheck = 1530;
				LastUpgradeCheck = 1530;
				TargetAttributes = {
					0AA094ED2CFAB8E600BAC31C = {
						CreatedOnToolsVersion = 15.3;
					};
					0AA094FD2CFAB8E700BAC31C = {
						CreatedOnToolsVersion = 15.3;
						TestTargetID = 0AA094ED2CFAB8E600BAC31C;
					};
				};
			};
			buildConfigurationList = 0AA094E92CFAB8E600BAC31C /* Build configuration list for PBXProject "Clara Mobile Challenge" */;
			compatibilityVersion = "Xcode 14.0";
			developmentRegion = en;
			hasScannedForEncodings = 0;
			knownRegions = (
				en,
				Base,
			);
			mainGroup = 0AA094E52CFAB8E600BAC31C;
			packageReferences = (
				0A11F6F52CFBF6E1003E93B8 /* XCRemoteSwiftPackageReference "SwiftLintPlugins" */,
			);
			productRefGroup = 0AA094EF2CFAB8E600BAC31C /* Products */;
			projectDirPath = "";
			projectRoot = "";
			targets = (
				0AA094ED2CFAB8E600BAC31C /* Clara Mobile Challenge */,
				0AA094FD2CFAB8E700BAC31C /* Clara Mobile ChallengeTests */,
			);
		};
/* End PBXProject section */

/* Begin PBXResourcesBuildPhase section */
		0AA094EC2CFAB8E600BAC31C /* Resources */ = {
			isa = PBXResourcesBuildPhase;
			buildActionMask = 2147483647;
			files = (
				0AA094F92CFAB8E700BAC31C /* Preview Assets.xcassets in Resources */,
				0AA094F62CFAB8E700BAC31C /* Assets.xcassets in Resources */,
			);
			runOnlyForDeploymentPostprocessing = 0;
		};
		0AA094FC2CFAB8E700BAC31C /* Resources */ = {
			isa = PBXResourcesBuildPhase;
			buildActionMask = 2147483647;
			files = (
			);
			runOnlyForDeploymentPostprocessing = 0;
		};
/* End PBXResourcesBuildPhase section */

/* Begin PBXSourcesBuildPhase section */
		0AA094EA2CFAB8E600BAC31C /* Sources */ = {
			isa = PBXSourcesBuildPhase;
			buildActionMask = 2147483647;
			files = (
				0AE04A852CFACE3B00FF112E /* ArtistSearchType.swift in Sources */,
				0AE04A912CFB9E0F00FF112E /* URLSessionHTTPClient.swift in Sources */,
				0A11F7072CFCAA7A003E93B8 /* UserInterfaceIdiom.swift in Sources */,
				0AE04A9D2CFBEF0500FF112E /* BandMember.swift in Sources */,
				0AE04A9B2CFBEEF400FF112E /* ArtistDetail.swift in Sources */,
				0AE04A952CFB9F1200FF112E /* RemoteDiscogsLoaderError.swift in Sources */,
				0AE04A7D2CFABC3900FF112E /* DiscogsLoader.swift in Sources */,
				0A11F70C2CFCCB85003E93B8 /* RemoteDiscogsLoaderEnvironmentValue.swift in Sources */,
				0AE04A882CFACE8500FF112E /* RemoteDiscogsLoader.swift in Sources */,
				0AA094F42CFAB8E600BAC31C /* ContentView.swift in Sources */,
				0AE04A802CFACDFB00FF112E /* ArtistSearchResult.swift in Sources */,
				0AE04A8F2CFB732D00FF112E /* HTTPClient.swift in Sources */,
				0A11F70E2CFCCBAA003E93B8 /* NullDiscogsLoader.swift in Sources */,
				0A11F7002CFCA8E0003E93B8 /* SearchScreenView.swift in Sources */,
				0A11F70A2CFCB5C3003E93B8 /* SearchScreenViewModel.swift in Sources */,
				0A11F7042CFCA94D003E93B8 /* SearchResultsScreenView.swift in Sources */,
				0AE04A8B2CFACEA800FF112E /* Pagination.swift in Sources */,
				0AA094F22CFAB8E600BAC31C /* ClaraMobileChallengeApp.swift in Sources */,
				0AE04A832CFACE2A00FF112E /* SearchQueryType.swift in Sources */,
				0AE04A932CFB9F0300FF112E /* RemoteError.swift in Sources */,
			);
			runOnlyForDeploymentPostprocessing = 0;
		};
		0AA094FA2CFAB8E700BAC31C /* Sources */ = {
			isa = PBXSourcesBuildPhase;
			buildActionMask = 2147483647;
			files = (
				0A11F6FA2CFC0160003E93B8 /* RemoteDiscogsLoader+Search Tests.swift in Sources */,
				0A11F6FC2CFC0196003E93B8 /* RemoteDiscogsLoader+GetArtistDetails Tests.swift in Sources */,
				0AE04A972CFBB03B00FF112E /* RemoteDiscogsLoaderTests.swift in Sources */,
				0AE04A992CFBEC6800FF112E /* HTTPClientSpy.swift in Sources */,
			);
			runOnlyForDeploymentPostprocessing = 0;
		};
/* End PBXSourcesBuildPhase section */

/* Begin PBXTargetDependency section */
		0A11F6F72CFBF783003E93B8 /* PBXTargetDependency */ = {
			isa = PBXTargetDependency;
			productRef = 0A11F6F62CFBF783003E93B8 /* SwiftLintBuildToolPlugin */;
		};
		0AA095002CFAB8E700BAC31C /* PBXTargetDependency */ = {
			isa = PBXTargetDependency;
			target = 0AA094ED2CFAB8E600BAC31C /* Clara Mobile Challenge */;
			targetProxy = 0AA094FF2CFAB8E700BAC31C /* PBXContainerItemProxy */;
		};
/* End PBXTargetDependency section */

/* Begin XCBuildConfiguration section */
		0AA095102CFAB8E700BAC31C /* Debug */ = {
			isa = XCBuildConfiguration;
			buildSettings = {
				ALWAYS_SEARCH_USER_PATHS = NO;
				ASSETCATALOG_COMPILER_GENERATE_SWIFT_ASSET_SYMBOL_EXTENSIONS = YES;
				CLANG_ANALYZER_NONNULL = YES;
				CLANG_ANALYZER_NUMBER_OBJECT_CONVERSION = YES_AGGRESSIVE;
				CLANG_CXX_LANGUAGE_STANDARD = "gnu++20";
				CLANG_ENABLE_MODULES = YES;
				CLANG_ENABLE_OBJC_ARC = YES;
				CLANG_ENABLE_OBJC_WEAK = YES;
				CLANG_WARN_BLOCK_CAPTURE_AUTORELEASING = YES;
				CLANG_WARN_BOOL_CONVERSION = YES;
				CLANG_WARN_COMMA = YES;
				CLANG_WARN_CONSTANT_CONVERSION = YES;
				CLANG_WARN_DEPRECATED_OBJC_IMPLEMENTATIONS = YES;
				CLANG_WARN_DIRECT_OBJC_ISA_USAGE = YES_ERROR;
				CLANG_WARN_DOCUMENTATION_COMMENTS = YES;
				CLANG_WARN_EMPTY_BODY = YES;
				CLANG_WARN_ENUM_CONVERSION = YES;
				CLANG_WARN_INFINITE_RECURSION = YES;
				CLANG_WARN_INT_CONVERSION = YES;
				CLANG_WARN_NON_LITERAL_NULL_CONVERSION = YES;
				CLANG_WARN_OBJC_IMPLICIT_RETAIN_SELF = YES;
				CLANG_WARN_OBJC_LITERAL_CONVERSION = YES;
				CLANG_WARN_OBJC_ROOT_CLASS = YES_ERROR;
				CLANG_WARN_QUOTED_INCLUDE_IN_FRAMEWORK_HEADER = YES;
				CLANG_WARN_RANGE_LOOP_ANALYSIS = YES;
				CLANG_WARN_STRICT_PROTOTYPES = YES;
				CLANG_WARN_SUSPICIOUS_MOVE = YES;
				CLANG_WARN_UNGUARDED_AVAILABILITY = YES_AGGRESSIVE;
				CLANG_WARN_UNREACHABLE_CODE = YES;
				CLANG_WARN__DUPLICATE_METHOD_MATCH = YES;
				COPY_PHASE_STRIP = NO;
				DEBUG_INFORMATION_FORMAT = dwarf;
				ENABLE_STRICT_OBJC_MSGSEND = YES;
				ENABLE_TESTABILITY = YES;
				ENABLE_USER_SCRIPT_SANDBOXING = YES;
				GCC_C_LANGUAGE_STANDARD = gnu17;
				GCC_DYNAMIC_NO_PIC = NO;
				GCC_NO_COMMON_BLOCKS = YES;
				GCC_OPTIMIZATION_LEVEL = 0;
				GCC_PREPROCESSOR_DEFINITIONS = (
					"DEBUG=1",
					"$(inherited)",
				);
				GCC_WARN_64_TO_32_BIT_CONVERSION = YES;
				GCC_WARN_ABOUT_RETURN_TYPE = YES_ERROR;
				GCC_WARN_UNDECLARED_SELECTOR = YES;
				GCC_WARN_UNINITIALIZED_AUTOS = YES_AGGRESSIVE;
				GCC_WARN_UNUSED_FUNCTION = YES;
				GCC_WARN_UNUSED_VARIABLE = YES;
				IPHONEOS_DEPLOYMENT_TARGET = 15.0;
				LOCALIZATION_PREFERS_STRING_CATALOGS = YES;
				MTL_ENABLE_DEBUG_INFO = INCLUDE_SOURCE;
				MTL_FAST_MATH = YES;
				ONLY_ACTIVE_ARCH = YES;
				SDKROOT = iphoneos;
				SWIFT_ACTIVE_COMPILATION_CONDITIONS = "DEBUG $(inherited)";
				SWIFT_OPTIMIZATION_LEVEL = "-Onone";
			};
			name = Debug;
		};
		0AA095112CFAB8E700BAC31C /* Release */ = {
			isa = XCBuildConfiguration;
			buildSettings = {
				ALWAYS_SEARCH_USER_PATHS = NO;
				ASSETCATALOG_COMPILER_GENERATE_SWIFT_ASSET_SYMBOL_EXTENSIONS = YES;
				CLANG_ANALYZER_NONNULL = YES;
				CLANG_ANALYZER_NUMBER_OBJECT_CONVERSION = YES_AGGRESSIVE;
				CLANG_CXX_LANGUAGE_STANDARD = "gnu++20";
				CLANG_ENABLE_MODULES = YES;
				CLANG_ENABLE_OBJC_ARC = YES;
				CLANG_ENABLE_OBJC_WEAK = YES;
				CLANG_WARN_BLOCK_CAPTURE_AUTORELEASING = YES;
				CLANG_WARN_BOOL_CONVERSION = YES;
				CLANG_WARN_COMMA = YES;
				CLANG_WARN_CONSTANT_CONVERSION = YES;
				CLANG_WARN_DEPRECATED_OBJC_IMPLEMENTATIONS = YES;
				CLANG_WARN_DIRECT_OBJC_ISA_USAGE = YES_ERROR;
				CLANG_WARN_DOCUMENTATION_COMMENTS = YES;
				CLANG_WARN_EMPTY_BODY = YES;
				CLANG_WARN_ENUM_CONVERSION = YES;
				CLANG_WARN_INFINITE_RECURSION = YES;
				CLANG_WARN_INT_CONVERSION = YES;
				CLANG_WARN_NON_LITERAL_NULL_CONVERSION = YES;
				CLANG_WARN_OBJC_IMPLICIT_RETAIN_SELF = YES;
				CLANG_WARN_OBJC_LITERAL_CONVERSION = YES;
				CLANG_WARN_OBJC_ROOT_CLASS = YES_ERROR;
				CLANG_WARN_QUOTED_INCLUDE_IN_FRAMEWORK_HEADER = YES;
				CLANG_WARN_RANGE_LOOP_ANALYSIS = YES;
				CLANG_WARN_STRICT_PROTOTYPES = YES;
				CLANG_WARN_SUSPICIOUS_MOVE = YES;
				CLANG_WARN_UNGUARDED_AVAILABILITY = YES_AGGRESSIVE;
				CLANG_WARN_UNREACHABLE_CODE = YES;
				CLANG_WARN__DUPLICATE_METHOD_MATCH = YES;
				COPY_PHASE_STRIP = NO;
				DEBUG_INFORMATION_FORMAT = "dwarf-with-dsym";
				ENABLE_NS_ASSERTIONS = NO;
				ENABLE_STRICT_OBJC_MSGSEND = YES;
				ENABLE_USER_SCRIPT_SANDBOXING = YES;
				GCC_C_LANGUAGE_STANDARD = gnu17;
				GCC_NO_COMMON_BLOCKS = YES;
				GCC_WARN_64_TO_32_BIT_CONVERSION = YES;
				GCC_WARN_ABOUT_RETURN_TYPE = YES_ERROR;
				GCC_WARN_UNDECLARED_SELECTOR = YES;
				GCC_WARN_UNINITIALIZED_AUTOS = YES_AGGRESSIVE;
				GCC_WARN_UNUSED_FUNCTION = YES;
				GCC_WARN_UNUSED_VARIABLE = YES;
				IPHONEOS_DEPLOYMENT_TARGET = 15.0;
				LOCALIZATION_PREFERS_STRING_CATALOGS = YES;
				MTL_ENABLE_DEBUG_INFO = NO;
				MTL_FAST_MATH = YES;
				SDKROOT = iphoneos;
				SWIFT_COMPILATION_MODE = wholemodule;
				VALIDATE_PRODUCT = YES;
			};
			name = Release;
		};
		0AA095132CFAB8E700BAC31C /* Debug */ = {
			isa = XCBuildConfiguration;
			buildSettings = {
				ASSETCATALOG_COMPILER_APPICON_NAME = AppIcon;
				ASSETCATALOG_COMPILER_GLOBAL_ACCENT_COLOR_NAME = AccentColor;
				CODE_SIGN_STYLE = Automatic;
				CURRENT_PROJECT_VERSION = 1;
				DEVELOPMENT_ASSET_PATHS = "\"Clara Mobile Challenge/Preview Content\"";
				ENABLE_PREVIEWS = YES;
				GENERATE_INFOPLIST_FILE = YES;
				INFOPLIST_KEY_CFBundleDisplayName = "Clara Mobile Challenge";
				INFOPLIST_KEY_UIApplicationSceneManifest_Generation = YES;
				INFOPLIST_KEY_UIApplicationSupportsIndirectInputEvents = YES;
				INFOPLIST_KEY_UILaunchScreen_Generation = YES;
				INFOPLIST_KEY_UISupportedInterfaceOrientations_iPad = "UIInterfaceOrientationPortrait UIInterfaceOrientationPortraitUpsideDown UIInterfaceOrientationLandscapeLeft UIInterfaceOrientationLandscapeRight";
				INFOPLIST_KEY_UISupportedInterfaceOrientations_iPhone = "UIInterfaceOrientationPortrait UIInterfaceOrientationLandscapeLeft UIInterfaceOrientationLandscapeRight";
				LD_RUNPATH_SEARCH_PATHS = (
					"$(inherited)",
					"@executable_path/Frameworks",
				);
				MARKETING_VERSION = 1.0;
				PRODUCT_BUNDLE_IDENTIFIER = "dev.mduarte.clara-mobile-challenge";
				PRODUCT_NAME = "$(TARGET_NAME)";
				SUPPORTED_PLATFORMS = "iphoneos iphonesimulator";
				SUPPORTS_MACCATALYST = NO;
				SUPPORTS_XR_DESIGNED_FOR_IPHONE_IPAD = NO;
				SWIFT_EMIT_LOC_STRINGS = YES;
				SWIFT_VERSION = 5.0;
				TARGETED_DEVICE_FAMILY = "1,2";
			};
			name = Debug;
		};
		0AA095142CFAB8E700BAC31C /* Release */ = {
			isa = XCBuildConfiguration;
			buildSettings = {
				ASSETCATALOG_COMPILER_APPICON_NAME = AppIcon;
				ASSETCATALOG_COMPILER_GLOBAL_ACCENT_COLOR_NAME = AccentColor;
				CODE_SIGN_STYLE = Automatic;
				CURRENT_PROJECT_VERSION = 1;
				DEVELOPMENT_ASSET_PATHS = "\"Clara Mobile Challenge/Preview Content\"";
				ENABLE_PREVIEWS = YES;
				GENERATE_INFOPLIST_FILE = YES;
				INFOPLIST_KEY_CFBundleDisplayName = "Clara Mobile Challenge";
				INFOPLIST_KEY_UIApplicationSceneManifest_Generation = YES;
				INFOPLIST_KEY_UIApplicationSupportsIndirectInputEvents = YES;
				INFOPLIST_KEY_UILaunchScreen_Generation = YES;
				INFOPLIST_KEY_UISupportedInterfaceOrientations_iPad = "UIInterfaceOrientationPortrait UIInterfaceOrientationPortraitUpsideDown UIInterfaceOrientationLandscapeLeft UIInterfaceOrientationLandscapeRight";
				INFOPLIST_KEY_UISupportedInterfaceOrientations_iPhone = "UIInterfaceOrientationPortrait UIInterfaceOrientationLandscapeLeft UIInterfaceOrientationLandscapeRight";
				LD_RUNPATH_SEARCH_PATHS = (
					"$(inherited)",
					"@executable_path/Frameworks",
				);
				MARKETING_VERSION = 1.0;
				PRODUCT_BUNDLE_IDENTIFIER = "dev.mduarte.clara-mobile-challenge";
				PRODUCT_NAME = "$(TARGET_NAME)";
				SUPPORTED_PLATFORMS = "iphoneos iphonesimulator";
				SUPPORTS_MACCATALYST = NO;
				SUPPORTS_XR_DESIGNED_FOR_IPHONE_IPAD = NO;
				SWIFT_EMIT_LOC_STRINGS = YES;
				SWIFT_VERSION = 5.0;
				TARGETED_DEVICE_FAMILY = "1,2";
			};
			name = Release;
		};
		0AA095162CFAB8E700BAC31C /* Debug */ = {
			isa = XCBuildConfiguration;
			buildSettings = {
				ALWAYS_EMBED_SWIFT_STANDARD_LIBRARIES = YES;
				BUNDLE_LOADER = "$(TEST_HOST)";
				CODE_SIGN_STYLE = Automatic;
				CURRENT_PROJECT_VERSION = 1;
				GENERATE_INFOPLIST_FILE = YES;
				IPHONEOS_DEPLOYMENT_TARGET = 15.0;
				MARKETING_VERSION = 1.0;
				PRODUCT_BUNDLE_IDENTIFIER = "dev.mduarte.clara-mobile-challenge.tests";
				PRODUCT_NAME = "$(TARGET_NAME)";
				SWIFT_EMIT_LOC_STRINGS = NO;
				SWIFT_VERSION = 5.0;
				TARGETED_DEVICE_FAMILY = "1,2";
				TEST_HOST = "$(BUILT_PRODUCTS_DIR)/Clara Mobile Challenge.app/$(BUNDLE_EXECUTABLE_FOLDER_PATH)/Clara Mobile Challenge";
			};
			name = Debug;
		};
		0AA095172CFAB8E700BAC31C /* Release */ = {
			isa = XCBuildConfiguration;
			buildSettings = {
				ALWAYS_EMBED_SWIFT_STANDARD_LIBRARIES = YES;
				BUNDLE_LOADER = "$(TEST_HOST)";
				CODE_SIGN_STYLE = Automatic;
				CURRENT_PROJECT_VERSION = 1;
				GENERATE_INFOPLIST_FILE = YES;
				IPHONEOS_DEPLOYMENT_TARGET = 15.0;
				MARKETING_VERSION = 1.0;
				PRODUCT_BUNDLE_IDENTIFIER = "dev.mduarte.clara-mobile-challenge.tests";
				PRODUCT_NAME = "$(TARGET_NAME)";
				SWIFT_EMIT_LOC_STRINGS = NO;
				SWIFT_VERSION = 5.0;
				TARGETED_DEVICE_FAMILY = "1,2";
				TEST_HOST = "$(BUILT_PRODUCTS_DIR)/Clara Mobile Challenge.app/$(BUNDLE_EXECUTABLE_FOLDER_PATH)/Clara Mobile Challenge";
			};
			name = Release;
		};
/* End XCBuildConfiguration section */

/* Begin XCConfigurationList section */
		0AA094E92CFAB8E600BAC31C /* Build configuration list for PBXProject "Clara Mobile Challenge" */ = {
			isa = XCConfigurationList;
			buildConfigurations = (
				0AA095102CFAB8E700BAC31C /* Debug */,
				0AA095112CFAB8E700BAC31C /* Release */,
			);
			defaultConfigurationIsVisible = 0;
			defaultConfigurationName = Release;
		};
		0AA095122CFAB8E700BAC31C /* Build configuration list for PBXNativeTarget "Clara Mobile Challenge" */ = {
			isa = XCConfigurationList;
			buildConfigurations = (
				0AA095132CFAB8E700BAC31C /* Debug */,
				0AA095142CFAB8E700BAC31C /* Release */,
			);
			defaultConfigurationIsVisible = 0;
			defaultConfigurationName = Release;
		};
		0AA095152CFAB8E700BAC31C /* Build configuration list for PBXNativeTarget "Clara Mobile ChallengeTests" */ = {
			isa = XCConfigurationList;
			buildConfigurations = (
				0AA095162CFAB8E700BAC31C /* Debug */,
				0AA095172CFAB8E700BAC31C /* Release */,
			);
			defaultConfigurationIsVisible = 0;
			defaultConfigurationName = Release;
		};
/* End XCConfigurationList section */

/* Begin XCRemoteSwiftPackageReference section */
		0A11F6F52CFBF6E1003E93B8 /* XCRemoteSwiftPackageReference "SwiftLintPlugins" */ = {
			isa = XCRemoteSwiftPackageReference;
			repositoryURL = "https://github.com/SimplyDanny/SwiftLintPlugins";
			requirement = {
				kind = exactVersion;
				version = 0.57.1;
			};
		};
/* End XCRemoteSwiftPackageReference section */

/* Begin XCSwiftPackageProductDependency section */
		0A11F6F62CFBF783003E93B8 /* SwiftLintBuildToolPlugin */ = {
			isa = XCSwiftPackageProductDependency;
			package = 0A11F6F52CFBF6E1003E93B8 /* XCRemoteSwiftPackageReference "SwiftLintPlugins" */;
			productName = "plugin:SwiftLintBuildToolPlugin";
		};
/* End XCSwiftPackageProductDependency section */
	};
	rootObject = 0AA094E62CFAB8E600BAC31C /* Project object */;
}
